version = 1
revision = 3
requires-python = ">=3.10"

[[package]]
name = "mcodex"
version = "0.1.0"
source = { editable = "." }
dependencies = [
    { name = "opentelemetry-api" },
    { name = "opentelemetry-exporter-prometheus" },
    { name = "opentelemetry-sdk" },
    { name = "prometheus-client" },
]

[package.metadata]
requires-dist = [
    { name = "opentelemetry-api", specifier = ">=1.44.0" },
    { name = "opentelemetry-exporter-prometheus", specifier = ">=0.65b0" },
    { name = "opentelemetry-sdk", specifier = ">=1.44.0" },
    { name = "prometheus-client", specifier = ">=0.26.0" },
]

[package.metadata.requires-dev]
dev = []

[[package]]
name = "opentelemetry-api"
version = "1.44.0"
source = { registry = "https://pypi.org/simple" }
dependencies = [
    { name = "typing-extensions" },
]
sdist = { url = "https://files.pythonhosted.org/packages/ee/8b/aa9e2d8b8dfa7c946f7dec5d1f8f6ba8eca062f43509a06bdb5ce93d26c0/opentelemetry_api-1.44.0.tar.gz", hash = "sha256:67647e5e9566edcf421166fdf022b3537f818635daa852b289e34604dc6fb33a", size = 72406, upload-time = "2026-07-16T15:25:32.678Z" }
wheels = [
    { url = "https://files.pythonhosted.org/packages/ca/6f/a04e900f465ff3221ccc395522503e2d10e79fa21f2723c8e177aae1e0d1/opentelemetry_api-1.44.0-py3-none-any.whl", hash = "sha256:94b98c893a91b88657eaac1e3ba89618cdb85be6918196705354f34728b2cdef", size = 60018, upload-time = "2026-07-16T15:25:11.657Z" },
]

[[package]]
name = "opentelemetry-exporter-prometheus"
version = "0.65b0"
source = { registry = "https://pypi.org/simple" }
dependencies = [
    { name = "opentelemetry-api" },
    { name = "opentelemetry-sdk" },
    { name = "prometheus-client" },
]
sdist = { url = "https://files.pythonhosted.org/packages/f4/85/3a1af7b90a76d6c069bcbbc86cc641c93d15057f2674cc8226f47c5260e8/opentelemetry_exporter_prometheus-0.65b0.tar.gz", hash = "sha256:2777cbf41c403c119e10f418fce5d645c956b47f673a2ee120285d1d0c6df2d5", size = 16411, upload-time = "2026-07-16T15:25:39.971Z" }
wheels = [
    { url = "https://files.pythonhosted.org/packages/82/0d/d7cdc030edeed0fea03448446b88f1a1f8c4a565bad30dac0f5477ebe290/opentelemetry_exporter_prometheus-0.65b0-py3-none-any.whl", hash = "sha256:3b3d24b586d0ad9712c7b52b7d19c8a9dfbb318b9b284121b5f95e90ed019367", size = 13031, upload-time = "2026-07-16T15:25:20.906Z" },
]

[[package]]
name = "opentelemetry-sdk"
version = "1.44.0"
source = { registry = "https://pypi.org/simple" }
dependencies = [
    { name = "opentelemetry-api" },
    { name = "opentelemetry-semantic-conventions" },
    { name = "typing-extensions" },
]
sdist = { url = "https://files.pythonhosted.org/packages/5d/77/a6592cbc7c8d9bcc9d6757a9df45e04a7c585e3e6e7a13456da522b21109/opentelemetry_sdk-1.44.0.tar.gz", hash = "sha256:cebe7f65dc12f26ead75c6064de12fd2a9052e5060c0272d402cfa203aae123b", size = 208624, upload-time = "2026-07-16T15:25:46.078Z" }
wheels = [
    { url = "https://files.pythonhosted.org/packages/e7/23/ff077e61886ee020a17ce9c8b6fa11c601c8d8345b09ea24f605445df62a/opentelemetry_sdk-1.44.0-py3-none-any.whl", hash = "sha256:df081c4c6bcfdb1211e3e86140376792643128a25f8d72d1d27675936e7e96ad", size = 137221, upload-time = "2026-07-16T15:25:29.534Z" },
]

[[package]]
name = "opentelemetry-semantic-conventions"
version = "0.65b0"
source = { registry = "https://pypi.org/simple" }
dependencies = [
    { name = "opentelemetry-api" },
    { name = "typing-extensions" },
]
sdist = { url = "https://files.pythonhosted.org/packages/8f/73/0cbdebcb4cf545fdd328da14f5137e37d0770c3f26185e478b0d15d94f50/opentelemetry_semantic_conventions-0.65b0.tar.gz", hash = "sha256:f9b2b81e9d5b64f11bc952075e7e9c7fb0aab075c7fd1c46d597f1b919852d60", size = 148774, upload-time = "2026-07-16T15:25:46.902Z" }
wheels = [
    { url = "https://files.pythonhosted.org/packages/a6/0e/49df70d9b81fb5cbae4bbf2a49d865b09bcbcbc4eb53f5851b1027738d78/opentelemetry_semantic_conventions-0.65b0-py3-none-any.whl", hash = "sha256:1cacde7b0ad306f84c5ef08c3dbe1bbaf20165bba6f8bff43b670e555a086bcb", size = 204645, upload-time = "2026-07-16T15:25:30.688Z" },
]

[[package]]
name = "prometheus-client"
version = "0.26.0"
source = { registry = "https://pypi.org/simple" }
sdist = { url = "https://files.pythonhosted.org/packages/52/73/f1334c29c2af4cd9dba6c7817e61b611bd0215e2eb5565c6064a4de18802/prometheus_client-0.26.0.tar.gz", hash = "sha256:04a91bcf94e2cf74a44a1a874d651a2e853ed354b6e822f3b7487751465d5c2b", size = 92910, upload-time = "2026-07-24T19:36:41.893Z" }
wheels = [
    { url = "https://files.pythonhosted.org/packages/eb/a3/b69efbf4143b5b9859b977770bbbabcc2796b702fa69dc40271e45cd5a56/prometheus_client-0.26.0-py3-none-any.whl", hash = "sha256:fa93d06737aa02bacd05794768508bb97d2fbee28cb3bca04eaae92f0ca953d6", size = 64494, upload-time = "2026-07-24T19:36:40.854Z" },
]

[[package]]
name = "typing-extensions"
version = "4.16.0"
source = { registry = "https://pypi.org/simple" }
sdist = { url = "https://files.pythonhosted.org/packages/f6/cc/6253133b5bb138fc3306cebfbda2c520f545d36b5be2c7255cc528bb45d6/typing_extensions-4.16.0.tar.gz", hash = "sha256:dc983d19a509c94dba722ee6abd33940f7c05a89e243c47e907eb4db6f1a43e5", size = 113555, upload-time = "2026-07-02T08:40:05.92Z" }
wheels = [
    { url = "https://files.pythonhosted.org/packages/49/d3/b8441a820a491ddfc024b0b0cf0393375b75ea13866d9c66727e54c2fc80/typing_extensions-4.16.0-py3-none-any.whl", hash = "sha256:481caa481374e813c1b176ada14e97f1f67a4539ce9cfeb3f350d78d6370c2e8", size = 45571, upload-time = "2026-07-02T08:40:04.659Z" },
]
